
Microsoft Visual Studio Solution File, Format Version 12.00
# Visual Studio Version 17
VisualStudioVersion = 17.0.32112.339
MinimumVisualStudioVersion = 10.0.40219.1
Project("{FAE04EC0-301F-11D3-BF4B-00C04F79EFBC}") = "TestRaidExtension", "TestRaidExtension\TestRaidExtension.csproj", "{1EEA392E-39A3-4D7A-AFDD-4E0E642F9480}"
EndProject
Global
	GlobalSection(SolutionConfigurationPlatforms) = preSolution
		Debug|x64 = Debug|x64
		Release|x64 = Release|x64
	EndGlobalSection
	GlobalSection(ProjectConfigurationPlatforms) = postSolution
		{1EEA392E-39A3-4D7A-AFDD-4E0E642F9480}.Debug|x64.ActiveCfg = Debug|x64
		{1EEA392E-39A3-4D7A-AFDD-4E0E642F9480}.Debug|x64.Build.0 = Debug|x64
		{1EEA392E-39A3-4D7A-AFDD-4E0E642F9480}.Release|x64.ActiveCfg = Release|x64
		{1EEA392E-39A3-4D7A-AFDD-4E0E642F9480}.Release|x64.Build.0 = Release|x64
	EndGlobalSection
	GlobalSection(SolutionProperties) = preSolution
		HideSolutionNode = FALSE
	EndGlobalSection
	GlobalSection(ExtensibilityGlobals) = postSolution
		SolutionGuid = {1A4CEDE6-C112-40BB-923B-5956A29B1919}
	EndGlobalSection
EndGlobal
